
Microsoft Visual Studio Solution File, Format Version 12.00
# Visual Studio 15
VisualStudioVersion = 15.0.28307.168
MinimumVisualStudioVersion = 10.0.40219.1
Project("{FAE04EC0-301F-11D3-BF4B-00C04F79EFBC}") = "Easyfood_Xamarin.Android", "Easyfood_Xamarin\Easyfood_Xamarin.Android\Easyfood_Xamarin.Android.csproj", "{E76E4815-2B3B-43C7-822E-BA015260AD79}"
EndProject
Project("{FAE04EC0-301F-11D3-BF4B-00C04F79EFBC}") = "Easyfood_Xamarin.iOS", "Easyfood_Xamarin\Easyfood_Xamarin.iOS\Easyfood_Xamarin.iOS.csproj", "{CA3CFC5B-8108-4994-8F35-067DF8E1A47E}"
EndProject
Project("{FAE04EC0-301F-11D3-BF4B-00C04F79EFBC}") = "Easyfood_Xamarin.UWP", "Easyfood_Xamarin\Easyfood_Xamarin.UWP\Easyfood_Xamarin.UWP.csproj", "{5FFDED89-ECB0-455B-BD34-19304896717F}"
EndProject
Project("{D954291E-2A0B-460D-934E-DC6B0785DB48}") = "Easyfood_Xamarin", "Easyfood_Xamarin\Easyfood_Xamarin\Easyfood_Xamarin.shproj", "{D8F9C31B-C345-4EE8-90EE-7772501059CE}"
EndProject
Global
	GlobalSection(SharedMSBuildProjectFiles) = preSolution
		Easyfood_Xamarin\Easyfood_Xamarin\Easyfood_Xamarin.projitems*{5ffded89-ecb0-455b-bd34-19304896717f}*SharedItemsImports = 4
		Easyfood_Xamarin\Easyfood_Xamarin\Easyfood_Xamarin.projitems*{ca3cfc5b-8108-4994-8f35-067df8e1a47e}*SharedItemsImports = 4
		Easyfood_Xamarin\Easyfood_Xamarin\Easyfood_Xamarin.projitems*{d8f9c31b-c345-4ee8-90ee-7772501059ce}*SharedItemsImports = 13
		Easyfood_Xamarin\Easyfood_Xamarin\Easyfood_Xamarin.projitems*{e76e4815-2b3b-43c7-822e-ba015260ad79}*SharedItemsImports = 4
	EndGlobalSection
	GlobalSection(SolutionConfigurationPlatforms) = preSolution
		Ad-Hoc|Any CPU = Ad-Hoc|Any CPU
		Ad-Hoc|ARM = Ad-Hoc|ARM
		Ad-Hoc|iPhone = Ad-Hoc|iPhone
		Ad-Hoc|iPhoneSimulator = Ad-Hoc|iPhoneSimulator
		Ad-Hoc|x64 = Ad-Hoc|x64
		Ad-Hoc|x86 = Ad-Hoc|x86
		AppStore|Any CPU = AppStore|Any CPU
		AppStore|ARM = AppStore|ARM
		AppStore|iPhone = AppStore|iPhone
		AppStore|iPhoneSimulator = AppStore|iPhoneSimulator
		AppStore|x64 = AppStore|x64
		AppStore|x86 = AppStore|x86
		Debug|Any CPU = Debug|Any CPU
		Debug|ARM = Debug|ARM
		Debug|iPhone = Debug|iPhone
		Debug|iPhoneSimulator = Debug|iPhoneSimulator
		Debug|x64 = Debug|x64
		Debug|x86 = Debug|x86
		Release|Any CPU = Release|Any CPU
		Release|ARM = Release|ARM
		Release|iPhone = Release|iPhone
		Release|iPhoneSimulator = Release|iPhoneSimulator
		Release|x64 = Release|x64
		Release|x86 = Release|x86
	EndGlobalSection
	GlobalSection(ProjectConfigurationPlatforms) = postSolution
		{E76E4815-2B3B-43C7-822E-BA015260AD79}.Ad-Hoc|Any CPU.ActiveCfg = Release|Any CPU
		{E76E4815-2B3B-43C7-822E-BA015260AD79}.Ad-Hoc|Any CPU.Build.0 = Release|Any CPU
		{E76E4815-2B3B-43C7-822E-BA015260AD79}.Ad-Hoc|Any CPU.Deploy.0 = Release|Any CPU
		{E76E4815-2B3B-43C7-822E-BA015260AD79}.Ad-Hoc|ARM.ActiveCfg = Release|Any CPU
		{E76E4815-2B3B-43C7-822E-BA015260AD79}.Ad-Hoc|ARM.Build.0 = Release|Any CPU
		{E76E4815-2B3B-43C7-822E-BA015260AD79}.Ad-Hoc|ARM.Deploy.0 = Release|Any CPU
		{E76E4815-2B3B-43C7-822E-BA015260AD79}.Ad-Hoc|iPhone.ActiveCfg = Release|Any CPU
		{E76E4815-2B3B-43C7-822E-BA015260AD79}.Ad-Hoc|iPhone.Build.0 = Release|Any CPU
		{E76E4815-2B3B-43C7-822E-BA015260AD79}.Ad-Hoc|iPhone.Deploy.0 = Release|Any CPU
		{E76E4815-2B3B-43C7-822E-BA015260AD79}.Ad-Hoc|iPhoneSimulator.ActiveCfg = Release|Any CPU
		{E76E4815-2B3B-43C7-822E-BA015260AD79}.Ad-Hoc|iPhoneSimulator.Build.0 = Release|Any CPU
		{E76E4815-2B3B-43C7-822E-BA015260AD79}.Ad-Hoc|iPhoneSimulator.Deploy.0 = Release|Any CPU
		{E76E4815-2B3B-43C7-822E-BA015260AD79}.Ad-Hoc|x64.ActiveCfg = Release|Any CPU
		{E76E4815-2B3B-43C7-822E-BA015260AD79}.Ad-Hoc|x64.Build.0 = Release|Any CPU
		{E76E4815-2B3B-43C7-822E-BA015260AD79}.Ad-Hoc|x64.Deploy.0 = Release|Any CPU
		{E76E4815-2B3B-43C7-822E-BA015260AD79}.Ad-Hoc|x86.ActiveCfg = Release|Any CPU
		{E76E4815-2B3B-43C7-822E-BA015260AD79}.Ad-Hoc|x86.Build.0 = Release|Any CPU
		{E76E4815-2B3B-43C7-822E-BA015260AD79}.Ad-Hoc|x86.Deploy.0 = Release|Any CPU
		{E76E4815-2B3B-43C7-822E-BA015260AD79}.AppStore|Any CPU.ActiveCfg = Release|Any CPU
		{E76E4815-2B3B-43C7-822E-BA015260AD79}.AppStore|Any CPU.Build.0 = Release|Any CPU
		{E76E4815-2B3B-43C7-822E-BA015260AD79}.AppStore|Any CPU.Deploy.0 = Release|Any CPU
		{E76E4815-2B3B-43C7-822E-BA015260AD79}.AppStore|ARM.ActiveCfg = Release|Any CPU
		{E76E4815-2B3B-43C7-822E-BA015260AD79}.AppStore|ARM.Build.0 = Release|Any CPU
		{E76E4815-2B3B-43C7-822E-BA015260AD79}.AppStore|ARM.Deploy.0 = Release|Any CPU
		{E76E4815-2B3B-43C7-822E-BA015260AD79}.AppStore|iPhone.ActiveCfg = Release|Any CPU
		{E76E4815-2B3B-43C7-822E-BA015260AD79}.AppStore|iPhone.Build.0 = Release|Any CPU
		{E76E4815-2B3B-43C7-822E-BA015260AD79}.AppStore|iPhone.Deploy.0 = Release|Any CPU
		{E76E4815-2B3B-43C7-822E-BA015260AD79}.AppStore|iPhoneSimulator.ActiveCfg = Release|Any CPU
		{E76E4815-2B3B-43C7-822E-BA015260AD79}.AppStore|iPhoneSimulator.Build.0 = Release|Any CPU
		{E76E4815-2B3B-43C7-822E-BA015260AD79}.AppStore|iPhoneSimulator.Deploy.0 = Release|Any CPU
		{E76E4815-2B3B-43C7-822E-BA015260AD79}.AppStore|x64.ActiveCfg = Release|Any CPU
		{E76E4815-2B3B-43C7-822E-BA015260AD79}.AppStore|x64.Build.0 = Release|Any CPU
		{E76E4815-2B3B-43C7-822E-BA015260AD79}.AppStore|x64.Deploy.0 = Release|Any CPU
		{E76E4815-2B3B-43C7-822E-BA015260AD79}.AppStore|x86.ActiveCfg = Release|Any CPU
		{E76E4815-2B3B-43C7-822E-BA015260AD79}.AppStore|x86.Build.0 = Release|Any CPU
		{E76E4815-2B3B-43C7-822E-BA015260AD79}.AppStore|x86.Deploy.0 = Release|Any CPU
		{E76E4815-2B3B-43C7-822E-BA015260AD79}.Debug|Any CPU.ActiveCfg = Debug|Any CPU
		{E76E4815-2B3B-43C7-822E-BA015260AD79}.Debug|Any CPU.Build.0 = Debug|Any CPU
		{E76E4815-2B3B-43C7-822E-BA015260AD79}.Debug|Any CPU.Deploy.0 = Debug|Any CPU
		{E76E4815-2B3B-43C7-822E-BA015260AD79}.Debug|ARM.ActiveCfg = Debug|Any CPU
		{E76E4815-2B3B-43C7-822E-BA015260AD79}.Debug|ARM.Build.0 = Debug|Any CPU
		{E76E4815-2B3B-43C7-822E-BA015260AD79}.Debug|ARM.Deploy.0 = Debug|Any CPU
		{E76E4815-2B3B-43C7-822E-BA015260AD79}.Debug|iPhone.ActiveCfg = Debug|Any CPU
		{E76E4815-2B3B-43C7-822E-BA015260AD79}.Debug|iPhone.Build.0 = Debug|Any CPU
		{E76E4815-2B3B-43C7-822E-BA015260AD79}.Debug|iPhone.Deploy.0 = Debug|Any CPU
		{E76E4815-2B3B-43C7-822E-BA015260AD79}.Debug|iPhoneSimulator.ActiveCfg = Debug|Any CPU
		{E76E4815-2B3B-43C7-822E-BA015260AD79}.Debug|iPhoneSimulator.Build.0 = Debug|Any CPU
		{E76E4815-2B3B-43C7-822E-BA015260AD79}.Debug|iPhoneSimulator.Deploy.0 = Debug|Any CPU
		{E76E4815-2B3B-43C7-822E-BA015260AD79}.Debug|x64.ActiveCfg = Debug|Any CPU
		{E76E4815-2B3B-43C7-822E-BA015260AD79}.Debug|x64.Build.0 = Debug|Any CPU
		{E76E4815-2B3B-43C7-822E-BA015260AD79}.Debug|x64.Deploy.0 = Debug|Any CPU
		{E76E4815-2B3B-43C7-822E-BA015260AD79}.Debug|x86.ActiveCfg = Debug|Any CPU
		{E76E4815-2B3B-43C7-822E-BA015260AD79}.Debug|x86.Build.0 = Debug|Any CPU
		{E76E4815-2B3B-43C7-822E-BA015260AD79}.Debug|x86.Deploy.0 = Debug|Any CPU
		{E76E4815-2B3B-43C7-822E-BA015260AD79}.Release|Any CPU.ActiveCfg = Release|Any CPU
		{E76E4815-2B3B-43C7-822E-BA015260AD79}.Release|Any CPU.Build.0 = Release|Any CPU
		{E76E4815-2B3B-43C7-822E-BA015260AD79}.Release|Any CPU.Deploy.0 = Release|Any CPU
		{E76E4815-2B3B-43C7-822E-BA015260AD79}.Release|ARM.ActiveCfg = Release|Any CPU
		{E76E4815-2B3B-43C7-822E-BA015260AD79}.Release|ARM.Build.0 = Release|Any CPU
		{E76E4815-2B3B-43C7-822E-BA015260AD79}.Release|ARM.Deploy.0 = Release|Any CPU
		{E76E4815-2B3B-43C7-822E-BA015260AD79}.Release|iPhone.ActiveCfg = Release|Any CPU
		{E76E4815-2B3B-43C7-822E-BA015260AD79}.Release|iPhone.Build.0 = Release|Any CPU
		{E76E4815-2B3B-43C7-822E-BA015260AD79}.Release|iPhone.Deploy.0 = Release|Any CPU
		{E76E4815-2B3B-43C7-822E-BA015260AD79}.Release|iPhoneSimulator.ActiveCfg = Release|Any CPU
		{E76E4815-2B3B-43C7-822E-BA015260AD79}.Release|iPhoneSimulator.Build.0 = Release|Any CPU
		{E76E4815-2B3B-43C7-822E-BA015260AD79}.Release|iPhoneSimulator.Deploy.0 = Release|Any CPU
		{E76E4815-2B3B-43C7-822E-BA015260AD79}.Release|x64.ActiveCfg = Release|Any CPU
		{E76E4815-2B3B-43C7-822E-BA015260AD79}.Release|x64.Build.0 = Release|Any CPU
		{E76E4815-2B3B-43C7-822E-BA015260AD79}.Release|x64.Deploy.0 = Release|Any CPU
		{E76E4815-2B3B-43C7-822E-BA015260AD79}.Release|x86.ActiveCfg = Release|Any CPU
		{E76E4815-2B3B-43C7-822E-BA015260AD79}.Release|x86.Build.0 = Release|Any CPU
		{E76E4815-2B3B-43C7-822E-BA015260AD79}.Release|x86.Deploy.0 = Release|Any CPU
		{CA3CFC5B-8108-4994-8F35-067DF8E1A47E}.Ad-Hoc|Any CPU.ActiveCfg = Ad-Hoc|iPhone
		{CA3CFC5B-8108-4994-8F35-067DF8E1A47E}.Ad-Hoc|Any CPU.Build.0 = Ad-Hoc|iPhone
		{CA3CFC5B-8108-4994-8F35-067DF8E1A47E}.Ad-Hoc|Any CPU.Deploy.0 = Ad-Hoc|iPhone
		{CA3CFC5B-8108-4994-8F35-067DF8E1A47E}.Ad-Hoc|ARM.ActiveCfg = Ad-Hoc|iPhone
		{CA3CFC5B-8108-4994-8F35-067DF8E1A47E}.Ad-Hoc|ARM.Build.0 = Ad-Hoc|iPhone
		{CA3CFC5B-8108-4994-8F35-067DF8E1A47E}.Ad-Hoc|ARM.Deploy.0 = Ad-Hoc|iPhone
		{CA3CFC5B-8108-4994-8F35-067DF8E1A47E}.Ad-Hoc|iPhone.ActiveCfg = Ad-Hoc|iPhone
		{CA3CFC5B-8108-4994-8F35-067DF8E1A47E}.Ad-Hoc|iPhone.Build.0 = Ad-Hoc|iPhone
		{CA3CFC5B-8108-4994-8F35-067DF8E1A47E}.Ad-Hoc|iPhone.Deploy.0 = Ad-Hoc|iPhone
		{CA3CFC5B-8108-4994-8F35-067DF8E1A47E}.Ad-Hoc|iPhoneSimulator.ActiveCfg = Ad-Hoc|iPhoneSimulator
		{CA3CFC5B-8108-4994-8F35-067DF8E1A47E}.Ad-Hoc|iPhoneSimulator.Build.0 = Ad-Hoc|iPhoneSimulator
		{CA3CFC5B-8108-4994-8F35-067DF8E1A47E}.Ad-Hoc|iPhoneSimulator.Deploy.0 = Ad-Hoc|iPhoneSimulator
		{CA3CFC5B-8108-4994-8F35-067DF8E1A47E}.Ad-Hoc|x64.ActiveCfg = Ad-Hoc|iPhone
		{CA3CFC5B-8108-4994-8F35-067DF8E1A47E}.Ad-Hoc|x64.Build.0 = Ad-Hoc|iPhone
		{CA3CFC5B-8108-4994-8F35-067DF8E1A47E}.Ad-Hoc|x64.Deploy.0 = Ad-Hoc|iPhone
		{CA3CFC5B-8108-4994-8F35-067DF8E1A47E}.Ad-Hoc|x86.ActiveCfg = Ad-Hoc|iPhone
		{CA3CFC5B-8108-4994-8F35-067DF8E1A47E}.Ad-Hoc|x86.Build.0 = Ad-Hoc|iPhone
		{CA3CFC5B-8108-4994-8F35-067DF8E1A47E}.Ad-Hoc|x86.Deploy.0 = Ad-Hoc|iPhone
		{CA3CFC5B-8108-4994-8F35-067DF8E1A47E}.AppStore|Any CPU.ActiveCfg = AppStore|iPhone
		{CA3CFC5B-8108-4994-8F35-067DF8E1A47E}.AppStore|Any CPU.Build.0 = AppStore|iPhone
		{CA3CFC5B-8108-4994-8F35-067DF8E1A47E}.AppStore|Any CPU.Deploy.0 = AppStore|iPhone
		{CA3CFC5B-8108-4994-8F35-067DF8E1A47E}.AppStore|ARM.ActiveCfg = AppStore|iPhone
		{CA3CFC5B-8108-4994-8F35-067DF8E1A47E}.AppStore|ARM.Build.0 = AppStore|iPhone
		{CA3CFC5B-8108-4994-8F35-067DF8E1A47E}.AppStore|ARM.Deploy.0 = AppStore|iPhone
		{CA3CFC5B-8108-4994-8F35-067DF8E1A47E}.AppStore|iPhone.ActiveCfg = AppStore|iPhone
		{CA3CFC5B-8108-4994-8F35-067DF8E1A47E}.AppStore|iPhone.Build.0 = AppStore|iPhone
		{CA3CFC5B-8108-4994-8F35-067DF8E1A47E}.AppStore|iPhone.Deploy.0 = AppStore|iPhone
		{CA3CFC5B-8108-4994-8F35-067DF8E1A47E}.AppStore|iPhoneSimulator.ActiveCfg = AppStore|iPhoneSimulator
		{CA3CFC5B-8108-4994-8F35-067DF8E1A47E}.AppStore|iPhoneSimulator.Build.0 = AppStore|iPhoneSimulator
		{CA3CFC5B-8108-4994-8F35-067DF8E1A47E}.AppStore|iPhoneSimulator.Deploy.0 = AppStore|iPhoneSimulator
		{CA3CFC5B-8108-4994-8F35-067DF8E1A47E}.AppStore|x64.ActiveCfg = AppStore|iPhone
		{CA3CFC5B-8108-4994-8F35-067DF8E1A47E}.AppStore|x64.Build.0 = AppStore|iPhone
		{CA3CFC5B-8108-4994-8F35-067DF8E1A47E}.AppStore|x64.Deploy.0 = AppStore|iPhone
		{CA3CFC5B-8108-4994-8F35-067DF8E1A47E}.AppStore|x86.ActiveCfg = AppStore|iPhone
		{CA3CFC5B-8108-4994-8F35-067DF8E1A47E}.AppStore|x86.Build.0 = AppStore|iPhone
		{CA3CFC5B-8108-4994-8F35-067DF8E1A47E}.AppStore|x86.Deploy.0 = AppStore|iPhone
		{CA3CFC5B-8108-4994-8F35-067DF8E1A47E}.Debug|Any CPU.ActiveCfg = Debug|iPhoneSimulator
		{CA3CFC5B-8108-4994-8F35-067DF8E1A47E}.Debug|Any CPU.Build.0 = Debug|iPhoneSimulator
		{CA3CFC5B-8108-4994-8F35-067DF8E1A47E}.Debug|Any CPU.Deploy.0 = Debug|iPhoneSimulator
		{CA3CFC5B-8108-4994-8F35-067DF8E1A47E}.Debug|ARM.ActiveCfg = Debug|iPhone
		{CA3CFC5B-8108-4994-8F35-067DF8E1A47E}.Debug|ARM.Build.0 = Debug|iPhone
		{CA3CFC5B-8108-4994-8F35-067DF8E1A47E}.Debug|ARM.Deploy.0 = Debug|iPhone
		{CA3CFC5B-8108-4994-8F35-067DF8E1A47E}.Debug|iPhone.ActiveCfg = Debug|iPhone
		{CA3CFC5B-8108-4994-8F35-067DF8E1A47E}.Debug|iPhone.Build.0 = Debug|iPhone
		{CA3CFC5B-8108-4994-8F35-067DF8E1A47E}.Debug|iPhone.Deploy.0 = Debug|iPhone
		{CA3CFC5B-8108-4994-8F35-067DF8E1A47E}.Debug|iPhoneSimulator.ActiveCfg = Debug|iPhoneSimulator
		{CA3CFC5B-8108-4994-8F35-067DF8E1A47E}.Debug|iPhoneSimulator.Build.0 = Debug|iPhoneSimulator
		{CA3CFC5B-8108-4994-8F35-067DF8E1A47E}.Debug|iPhoneSimulator.Deploy.0 = Debug|iPhoneSimulator
		{CA3CFC5B-8108-4994-8F35-067DF8E1A47E}.Debug|x64.ActiveCfg = Debug|iPhone
		{CA3CFC5B-8108-4994-8F35-067DF8E1A47E}.Debug|x64.Build.0 = Debug|iPhone
		{CA3CFC5B-8108-4994-8F35-067DF8E1A47E}.Debug|x64.Deploy.0 = Debug|iPhone
		{CA3CFC5B-8108-4994-8F35-067DF8E1A47E}.Debug|x86.ActiveCfg = Debug|iPhone
		{CA3CFC5B-8108-4994-8F35-067DF8E1A47E}.Debug|x86.Build.0 = Debug|iPhone
		{CA3CFC5B-8108-4994-8F35-067DF8E1A47E}.Debug|x86.Deploy.0 = Debug|iPhone
		{CA3CFC5B-8108-4994-8F35-067DF8E1A47E}.Release|Any CPU.ActiveCfg = Release|iPhone
		{CA3CFC5B-8108-4994-8F35-067DF8E1A47E}.Release|Any CPU.Build.0 = Release|iPhone
		{CA3CFC5B-8108-4994-8F35-067DF8E1A47E}.Release|Any CPU.Deploy.0 = Release|iPhone
		{CA3CFC5B-8108-4994-8F35-067DF8E1A47E}.Release|ARM.ActiveCfg = Release|iPhone
		{CA3CFC5B-8108-4994-8F35-067DF8E1A47E}.Release|ARM.Build.0 = Release|iPhone
		{CA3CFC5B-8108-4994-8F35-067DF8E1A47E}.Release|ARM.Deploy.0 = Release|iPhone
		{CA3CFC5B-8108-4994-8F35-067DF8E1A47E}.Release|iPhone.ActiveCfg = Release|iPhone
		{CA3CFC5B-8108-4994-8F35-067DF8E1A47E}.Release|iPhone.Build.0 = Release|iPhone
		{CA3CFC5B-8108-4994-8F35-067DF8E1A47E}.Release|iPhone.Deploy.0 = Release|iPhone
		{CA3CFC5B-8108-4994-8F35-067DF8E1A47E}.Release|iPhoneSimulator.ActiveCfg = Release|iPhoneSimulator
		{CA3CFC5B-8108-4994-8F35-067DF8E1A47E}.Release|iPhoneSimulator.Build.0 = Release|iPhoneSimulator
		{CA3CFC5B-8108-4994-8F35-067DF8E1A47E}.Release|iPhoneSimulator.Deploy.0 = Release|iPhoneSimulator
		{CA3CFC5B-8108-4994-8F35-067DF8E1A47E}.Release|x64.ActiveCfg = Release|iPhone
		{CA3CFC5B-8108-4994-8F35-067DF8E1A47E}.Release|x64.Build.0 = Release|iPhone
		{CA3CFC5B-8108-4994-8F35-067DF8E1A47E}.Release|x64.Deploy.0 = Release|iPhone
		{CA3CFC5B-8108-4994-8F35-067DF8E1A47E}.Release|x86.ActiveCfg = Release|iPhone
		{CA3CFC5B-8108-4994-8F35-067DF8E1A47E}.Release|x86.Build.0 = Release|iPhone
		{CA3CFC5B-8108-4994-8F35-067DF8E1A47E}.Release|x86.Deploy.0 = Release|iPhone
		{5FFDED89-ECB0-455B-BD34-19304896717F}.Ad-Hoc|Any CPU.ActiveCfg = Release|x86
		{5FFDED89-ECB0-455B-BD34-19304896717F}.Ad-Hoc|Any CPU.Build.0 = Release|x86
		{5FFDED89-ECB0-455B-BD34-19304896717F}.Ad-Hoc|Any CPU.Deploy.0 = Release|x86
		{5FFDED89-ECB0-455B-BD34-19304896717F}.Ad-Hoc|ARM.ActiveCfg = Release|ARM
		{5FFDED89-ECB0-455B-BD34-19304896717F}.Ad-Hoc|ARM.Build.0 = Release|ARM
		{5FFDED89-ECB0-455B-BD34-19304896717F}.Ad-Hoc|ARM.Deploy.0 = Release|ARM
		{5FFDED89-ECB0-455B-BD34-19304896717F}.Ad-Hoc|iPhone.ActiveCfg = Release|x86
		{5FFDED89-ECB0-455B-BD34-19304896717F}.Ad-Hoc|iPhone.Build.0 = Release|x86
		{5FFDED89-ECB0-455B-BD34-19304896717F}.Ad-Hoc|iPhone.Deploy.0 = Release|x86
		{5FFDED89-ECB0-455B-BD34-19304896717F}.Ad-Hoc|iPhoneSimulator.ActiveCfg = Release|x86
		{5FFDED89-ECB0-455B-BD34-19304896717F}.Ad-Hoc|iPhoneSimulator.Build.0 = Release|x86
		{5FFDED89-ECB0-455B-BD34-19304896717F}.Ad-Hoc|iPhoneSimulator.Deploy.0 = Release|x86
		{5FFDED89-ECB0-455B-BD34-19304896717F}.Ad-Hoc|x64.ActiveCfg = Release|x64
		{5FFDED89-ECB0-455B-BD34-19304896717F}.Ad-Hoc|x64.Build.0 = Release|x64
		{5FFDED89-ECB0-455B-BD34-19304896717F}.Ad-Hoc|x64.Deploy.0 = Release|x64
		{5FFDED89-ECB0-455B-BD34-19304896717F}.Ad-Hoc|x86.ActiveCfg = Release|x86
		{5FFDED89-ECB0-455B-BD34-19304896717F}.Ad-Hoc|x86.Build.0 = Release|x86
		{5FFDED89-ECB0-455B-BD34-19304896717F}.Ad-Hoc|x86.Deploy.0 = Release|x86
		{5FFDED89-ECB0-455B-BD34-19304896717F}.AppStore|Any CPU.ActiveCfg = Release|x86
		{5FFDED89-ECB0-455B-BD34-19304896717F}.AppStore|Any CPU.Build.0 = Release|x86
		{5FFDED89-ECB0-455B-BD34-19304896717F}.AppStore|Any CPU.Deploy.0 = Release|x86
		{5FFDED89-ECB0-455B-BD34-19304896717F}.AppStore|ARM.ActiveCfg = Release|ARM
		{5FFDED89-ECB0-455B-BD34-19304896717F}.AppStore|ARM.Build.0 = Release|ARM
		{5FFDED89-ECB0-455B-BD34-19304896717F}.AppStore|ARM.Deploy.0 = Release|ARM
		{5FFDED89-ECB0-455B-BD34-19304896717F}.AppStore|iPhone.ActiveCfg = Release|x86
		{5FFDED89-ECB0-455B-BD34-19304896717F}.AppStore|iPhone.Build.0 = Release|x86
		{5FFDED89-ECB0-455B-BD34-19304896717F}.AppStore|iPhone.Deploy.0 = Release|x86
		{5FFDED89-ECB0-455B-BD34-19304896717F}.AppStore|iPhoneSimulator.ActiveCfg = Release|x86
		{5FFDED89-ECB0-455B-BD34-19304896717F}.AppStore|iPhoneSimulator.Build.0 = Release|x86
		{5FFDED89-ECB0-455B-BD34-19304896717F}.AppStore|iPhoneSimulator.Deploy.0 = Release|x86
		{5FFDED89-ECB0-455B-BD34-19304896717F}.AppStore|x64.ActiveCfg = Release|x64
		{5FFDED89-ECB0-455B-BD34-19304896717F}.AppStore|x64.Build.0 = Release|x64
		{5FFDED89-ECB0-455B-BD34-19304896717F}.AppStore|x64.Deploy.0 = Release|x64
		{5FFDED89-ECB0-455B-BD34-19304896717F}.AppStore|x86.ActiveCfg = Release|x86
		{5FFDED89-ECB0-455B-BD34-19304896717F}.AppStore|x86.Build.0 = Release|x86
		{5FFDED89-ECB0-455B-BD34-19304896717F}.AppStore|x86.Deploy.0 = Release|x86
		{5FFDED89-ECB0-455B-BD34-19304896717F}.Debug|Any CPU.ActiveCfg = Debug|x86
		{5FFDED89-ECB0-455B-BD34-19304896717F}.Debug|Any CPU.Build.0 = Debug|x86
		{5FFDED89-ECB0-455B-BD34-19304896717F}.Debug|Any CPU.Deploy.0 = Debug|x86
		{5FFDED89-ECB0-455B-BD34-19304896717F}.Debug|ARM.ActiveCfg = Debug|ARM
		{5FFDED89-ECB0-455B-BD34-19304896717F}.Debug|ARM.Build.0 = Debug|ARM
		{5FFDED89-ECB0-455B-BD34-19304896717F}.Debug|ARM.Deploy.0 = Debug|ARM
		{5FFDED89-ECB0-455B-BD34-19304896717F}.Debug|iPhone.ActiveCfg = Debug|x86
		{5FFDED89-ECB0-455B-BD34-19304896717F}.Debug|iPhone.Build.0 = Debug|x86
		{5FFDED89-ECB0-455B-BD34-19304896717F}.Debug|iPhone.Deploy.0 = Debug|x86
		{5FFDED89-ECB0-455B-BD34-19304896717F}.Debug|iPhoneSimulator.ActiveCfg = Debug|x86
		{5FFDED89-ECB0-455B-BD34-19304896717F}.Debug|iPhoneSimulator.Build.0 = Debug|x86
		{5FFDED89-ECB0-455B-BD34-19304896717F}.Debug|iPhoneSimulator.Deploy.0 = Debug|x86
		{5FFDED89-ECB0-455B-BD34-19304896717F}.Debug|x64.ActiveCfg = Debug|x64
		{5FFDED89-ECB0-455B-BD34-19304896717F}.Debug|x64.Build.0 = Debug|x64
		{5FFDED89-ECB0-455B-BD34-19304896717F}.Debug|x64.Deploy.0 = Debug|x64
		{5FFDED89-ECB0-455B-BD34-19304896717F}.Debug|x86.ActiveCfg = Debug|x86
		{5FFDED89-ECB0-455B-BD34-19304896717F}.Debug|x86.Build.0 = Debug|x86
		{5FFDED89-ECB0-455B-BD34-19304896717F}.Debug|x86.Deploy.0 = Debug|x86
		{5FFDED89-ECB0-455B-BD34-19304896717F}.Release|Any CPU.ActiveCfg = Release|x86
		{5FFDED89-ECB0-455B-BD34-19304896717F}.Release|Any CPU.Build.0 = Release|x86
		{5FFDED89-ECB0-455B-BD34-19304896717F}.Release|Any CPU.Deploy.0 = Release|x86
		{5FFDED89-ECB0-455B-BD34-19304896717F}.Release|ARM.ActiveCfg = Release|ARM
		{5FFDED89-ECB0-455B-BD34-19304896717F}.Release|ARM.Build.0 = Release|ARM
		{5FFDED89-ECB0-455B-BD34-19304896717F}.Release|ARM.Deploy.0 = Release|ARM
		{5FFDED89-ECB0-455B-BD34-19304896717F}.Release|iPhone.ActiveCfg = Release|x86
		{5FFDED89-ECB0-455B-BD34-19304896717F}.Release|iPhone.Build.0 = Release|x86
		{5FFDED89-ECB0-455B-BD34-19304896717F}.Release|iPhone.Deploy.0 = Release|x86
		{5FFDED89-ECB0-455B-BD34-19304896717F}.Release|iPhoneSimulator.ActiveCfg = Release|x86
		{5FFDED89-ECB0-455B-BD34-19304896717F}.Release|iPhoneSimulator.Build.0 = Release|x86
		{5FFDED89-ECB0-455B-BD34-19304896717F}.Release|iPhoneSimulator.Deploy.0 = Release|x86
		{5FFDED89-ECB0-455B-BD34-19304896717F}.Release|x64.ActiveCfg = Release|x64
		{5FFDED89-ECB0-455B-BD34-19304896717F}.Release|x64.Build.0 = Release|x64
		{5FFDED89-ECB0-455B-BD34-19304896717F}.Release|x64.Deploy.0 = Release|x64
		{5FFDED89-ECB0-455B-BD34-19304896717F}.Release|x86.ActiveCfg = Release|x86
		{5FFDED89-ECB0-455B-BD34-19304896717F}.Release|x86.Build.0 = Release|x86
		{5FFDED89-ECB0-455B-BD34-19304896717F}.Release|x86.Deploy.0 = Release|x86
	EndGlobalSection
	GlobalSection(SolutionProperties) = preSolution
		HideSolutionNode = FALSE
	EndGlobalSection
	GlobalSection(ExtensibilityGlobals) = postSolution
		SolutionGuid = {DCF2F8AD-1B31-4BDE-80BE-3D077F1ED105}
	EndGlobalSection
EndGlobal
